// !$*UTF8*$!
{
	archiveVersion = 1;
	classes = {
	};
	objectVersion = 46;
	objects = {

/* Begin PBXBuildFile section */
		6E0806D419DE4A9800A6551D /* ExTableViewCell.m in Sources */ = {isa = PBXBuildFile; fileRef = 6E0806D319DE4A9800A6551D /* ExTableViewCell.m */; };
		6E77FCFD19DB9B3200E7B6BD /* main.m in Sources */ = {isa = PBXBuildFile; fileRef = 6E77FCFC19DB9B3200E7B6BD /* main.m */; };
		6E77FD0019DB9B3200E7B6BD /* AppDelegate.m in Sources */ = {isa = PBXBuildFile; fileRef = 6E77FCFF19DB9B3200E7B6BD /* AppDelegate.m */; };
		6E77FD0619DB9B3200E7B6BD /* Main.storyboard in Resources */ = {isa = PBXBuildFile; fileRef = 6E77FD0419DB9B3200E7B6BD /* Main.storyboard */; };
		6E77FD0819DB9B3200E7B6BD /* Images.xcassets in Resources */ = {isa = PBXBuildFile; fileRef = 6E77FD0719DB9B3200E7B6BD /* Images.xcassets */; };
		6E77FD0B19DB9B3200E7B6BD /* LaunchScreen.xib in Resources */ = {isa = PBXBuildFile; fileRef = 6E77FD0919DB9B3200E7B6BD /* LaunchScreen.xib */; };
		6E77FD1719DB9B3200E7B6BD /* TableViewExampleTests.m in Sources */ = {isa = PBXBuildFile; fileRef = 6E77FD1619DB9B3200E7B6BD /* TableViewExampleTests.m */; };
		6E77FD2219DB9C1900E7B6BD /* EXTableViewController.m in Sources */ = {isa = PBXBuildFile; fileRef = 6E77FD2119DB9C1900E7B6BD /* EXTableViewController.m */; };
/* End PBXBuildFile section */

/* Begin PBXContainerItemProxy section */
		6E77FD1119DB9B3200E7B6BD /* PBXContainerItemProxy */ = {
			isa = PBXContainerItemProxy;
			containerPortal = 6E77FCEF19DB9B3200E7B6BD /* Project object */;
			proxyType = 1;
			remoteGlobalIDString = 6E77FCF619DB9B3200E7B6BD;
			remoteInfo = TableViewExample;
		};
/* End PBXContainerItemProxy section */

/* Begin PBXFileReference section */
		6E0806D219DE4A9800A6551D /* ExTableViewCell.h */ = {isa = PBXFileReference; fileEncoding = 4; lastKnownFileType = sourcecode.c.h; path = ExTableViewCell.h; sourceTree = "<group>"; };
		6E0806D319DE4A9800A6551D /* ExTableViewCell.m */ = {isa = PBXFileReference; fileEncoding = 4; lastKnownFileType = sourcecode.c.objc; path = ExTableViewCell.m; sourceTree = "<group>"; };
		6E77FCF719DB9B3200E7B6BD /* TableViewExample.app */ = {isa = PBXFileReference; explicitFileType = wrapper.application; includeInIndex = 0; path = TableViewExample.app; sourceTree = BUILT_PRODUCTS_DIR; };
		6E77FCFB19DB9B3200E7B6BD /* Info.plist */ = {isa = PBXFileReference; lastKnownFileType = text.plist.xml; path = Info.plist; sourceTree = "<group>"; };
		6E77FCFC19DB9B3200E7B6BD /* main.m */ = {isa = PBXFileReference; lastKnownFileType = sourcecode.c.objc; path = main.m; sourceTree = "<group>"; };
		6E77FCFE19DB9B3200E7B6BD /* AppDelegate.h */ = {isa = PBXFileReference; lastKnownFileType = sourcecode.c.h; path = AppDelegate.h; sourceTree = "<group>"; };
		6E77FCFF19DB9B3200E7B6BD /* AppDelegate.m */ = {isa = PBXFileReference; lastKnownFileType = sourcecode.c.objc; path = AppDelegate.m; sourceTree = "<group>"; };
		6E77FD0519DB9B3200E7B6BD /* Base */ = {isa = PBXFileReference; lastKnownFileType = file.storyboard; name = Base; path = Base.lproj/Main.storyboard; sourceTree = "<group>"; };
		6E77FD0719DB9B3200E7B6BD /* Images.xcassets */ = {isa = PBXFileReference; lastKnownFileType = folder.assetcatalog; path = Images.xcassets; sourceTree = "<group>"; };
		6E77FD0A19DB9B3200E7B6BD /* Base */ = {isa = PBXFileReference; lastKnownFileType = file.xib; name = Base; path = Base.lproj/LaunchScreen.xib; sourceTree = "<group>"; };
		6E77FD1019DB9B3200E7B6BD /* TableViewExampleTests.xctest */ = {isa = PBXFileReference; explicitFileType = wrapper.cfbundle; includeInIndex = 0; path = TableViewExampleTests.xctest; sourceTree = BUILT_PRODUCTS_DIR; };
		6E77FD1519DB9B3200E7B6BD /* Info.plist */ = {isa = PBXFileReference; lastKnownFileType = text.plist.xml; path = Info.plist; sourceTree = "<group>"; };
		6E77FD1619DB9B3200E7B6BD /* TableViewExampleTests.m */ = {isa = PBXFileReference; lastKnownFileType = sourcecode.c.objc; path = TableViewExampleTests.m; sourceTree = "<group>"; };
		6E77FD2019DB9C1900E7B6BD /* EXTableViewController.h */ = {isa = PBXFileReference; fileEncoding = 4; lastKnownFileType = sourcecode.c.h; path = EXTableViewController.h; sourceTree = "<group>"; };
		6E77FD2119DB9C1900E7B6BD /* EXTableViewController.m */ = {isa = PBXFileReference; fileEncoding = 4; lastKnownFileType = sourcecode.c.objc; path = EXTableViewController.m; sourceTree = "<group>"; };
/* End PBXFileReference section */

/* Begin PBXFrameworksBuildPhase section */
		6E77FCF419DB9B3200E7B6BD /* Frameworks */ = {
			isa = PBXFrameworksBuildPhase;
			buildActionMask = 2147483647;
			files = (
			);
			runOnlyForDeploymentPostprocessing = 0;
		};
		6E77FD0D19DB9B3200E7B6BD /* Frameworks */ = {
			isa = PBXFrameworksBuildPhase;
			buildActionMask = 2147483647;
			files = (
			);
			runOnlyForDeploymentPostprocessing = 0;
		};
/* End PBXFrameworksBuildPhase section */

/* Begin PBXGroup section */
		6E77FCEE19DB9B3200E7B6BD = {
			isa = PBXGroup;
			children = (
				6E77FCF919DB9B3200E7B6BD /* TableViewExample */,
				6E77FD1319DB9B3200E7B6BD /* TableViewExampleTests */,
				6E77FCF819DB9B3200E7B6BD /* Products */,
			);
			sourceTree = "<group>";
		};
		6E77FCF819DB9B3200E7B6BD /* Products */ = {
			isa = PBXGroup;
			children = (
				6E77FCF719DB9B3200E7B6BD /* TableViewExample.app */,
				6E77FD1019DB9B3200E7B6BD /* TableViewExampleTests.xctest */,
			);
			name = Products;
			sourceTree = "<group>";
		};
		6E77FCF919DB9B3200E7B6BD /* TableViewExample */ = {
			isa = PBXGroup;
			children = (
				6E77FD2019DB9C1900E7B6BD /* EXTableViewController.h */,
				6E77FD2119DB9C1900E7B6BD /* EXTableViewController.m */,
				6E77FCFE19DB9B3200E7B6BD /* AppDelegate.h */,
				6E77FCFF19DB9B3200E7B6BD /* AppDelegate.m */,
				6E77FD0419DB9B3200E7B6BD /* Main.storyboard */,
				6E77FD0719DB9B3200E7B6BD /* Images.xcassets */,
				6E77FD0919DB9B3200E7B6BD /* LaunchScreen.xib */,
				6E77FCFA19DB9B3200E7B6BD /* Supporting Files */,
				6E0806D219DE4A9800A6551D /* ExTableViewCell.h */,
				6E0806D319DE4A9800A6551D /* ExTableViewCell.m */,
			);
			path = TableViewExample;
			sourceTree = "<group>";
		};
		6E77FCFA19DB9B3200E7B6BD /* Supporting Files */ = {
			isa = PBXGroup;
			children = (
				6E77FCFB19DB9B3200E7B6BD /* Info.plist */,
				6E77FCFC19DB9B3200E7B6BD /* main.m */,
			);
			name = "Supporting Files";
			sourceTree = "<group>";
		};
		6E77FD1319DB9B3200E7B6BD /* TableViewExampleTests */ = {
			isa = PBXGroup;
			children = (
				6E77FD1619DB9B3200E7B6BD /* TableViewExampleTests.m */,
				6E77FD1419DB9B3200E7B6BD /* Supporting Files */,
			);
			path = TableViewExampleTests;
			sourceTree = "<group>";
		};
		6E77FD1419DB9B3200E7B6BD /* Supporting Files */ = {
			isa = PBXGroup;
			children = (
				6E77FD1519DB9B3200E7B6BD /* Info.plist */,
			);
			name = "Supporting Files";
			sourceTree = "<group>";
		};
/* End PBXGroup section */

/* Begin PBXNativeTarget section */
		6E77FCF619DB9B3200E7B6BD /* TableViewExample */ = {
			isa = PBXNativeTarget;
			buildConfigurationList = 6E77FD1A19DB9B3200E7B6BD /* Build configuration list for PBXNativeTarget "TableViewExample" */;
			buildPhases = (
				6E77FCF319DB9B3200E7B6BD /* Sources */,
				6E77FCF419DB9B3200E7B6BD /* Frameworks */,
				6E77FCF519DB9B3200E7B6BD /* Resources */,
			);
			buildRules = (
			);
			dependencies = (
			);
			name = TableViewExample;
			productName = TableViewExample;
			productReference = 6E77FCF719DB9B3200E7B6BD /* TableViewExample.app */;
			productType = "com.apple.product-type.application";
		};
		6E77FD0F19DB9B3200E7B6BD /* TableViewExampleTests */ = {
			isa = PBXNativeTarget;
			buildConfigurationList = 6E77FD1D19DB9B3200E7B6BD /* Build configuration list for PBXNativeTarget "TableViewExampleTests" */;
			buildPhases = (
				6E77FD0C19DB9B3200E7B6BD /* Sources */,
				6E77FD0D19DB9B3200E7B6BD /* Frameworks */,
				6E77FD0E19DB9B3200E7B6BD /* Resources */,
			);
			buildRules = (
			);
			dependencies = (
				6E77FD1219DB9B3200E7B6BD /* PBXTargetDependency */,
			);
			name = TableViewExampleTests;
			productName = TableViewExampleTests;
			productReference = 6E77FD1019DB9B3200E7B6BD /* TableViewExampleTests.xctest */;
			productType = "com.apple.product-type.bundle.unit-test";
		};
/* End PBXNativeTarget section */

/* Begin PBXProject section */
		6E77FCEF19DB9B3200E7B6BD /* Project object */ = {
			isa = PBXProject;
			attributes = {
				LastUpgradeCheck = 0610;
				ORGANIZATIONNAME = br.com.exemplo.tableview;
				TargetAttributes = {
					6E77FCF619DB9B3200E7B6BD = {
						CreatedOnToolsVersion = 6.1;
					};
					6E77FD0F19DB9B3200E7B6BD = {
						CreatedOnToolsVersion = 6.1;
						TestTargetID = 6E77FCF619DB9B3200E7B6BD;
					};
				};
			};
			buildConfigurationList = 6E77FCF219DB9B3200E7B6BD /* Build configuration list for PBXProject "TableViewExample" */;
			compatibilityVersion = "Xcode 3.2";
			developmentRegion = English;
			hasScannedForEncodings = 0;
			knownRegions = (
				en,
				Base,
			);
			mainGroup = 6E77FCEE19DB9B3200E7B6BD;
			productRefGroup = 6E77FCF819DB9B3200E7B6BD /* Products */;
			projectDirPath = "";
			projectRoot = "";
			targets = (
				6E77FCF619DB9B3200E7B6BD /* TableViewExample */,
				6E77FD0F19DB9B3200E7B6BD /* TableViewExampleTests */,
			);
		};
/* End PBXProject section */

/* Begin PBXResourcesBuildPhase section */
		6E77FCF519DB9B3200E7B6BD /* Resources */ = {
			isa = PBXResourcesBuildPhase;
			buildActionMask = 2147483647;
			files = (
				6E77FD0619DB9B3200E7B6BD /* Main.storyboard in Resources */,
				6E77FD0B19DB9B3200E7B6BD /* LaunchScreen.xib in Resources */,
				6E77FD0819DB9B3200E7B6BD /* Images.xcassets in Resources */,
			);
			runOnlyForDeploymentPostprocessing = 0;
		};
		6E77FD0E19DB9B3200E7B6BD /* Resources */ = {
			isa = PBXResourcesBuildPhase;
			buildActionMask = 2147483647;
			files = (
			);
			runOnlyForDeploymentPostprocessing = 0;
		};
/* End PBXResourcesBuildPhase section */

/* Begin PBXSourcesBuildPhase section */
		6E77FCF319DB9B3200E7B6BD /* Sources */ = {
			isa = PBXSourcesBuildPhase;
			buildActionMask = 2147483647;
			files = (
				6E0806D419DE4A9800A6551D /* ExTableViewCell.m in Sources */,
				6E77FD0019DB9B3200E7B6BD /* AppDelegate.m in Sources */,
				6E77FD2219DB9C1900E7B6BD /* EXTableViewController.m in Sources */,
				6E77FCFD19DB9B3200E7B6BD /* main.m in Sources */,
			);
			runOnlyForDeploymentPostprocessing = 0;
		};
		6E77FD0C19DB9B3200E7B6BD /* Sources */ = {
			isa = PBXSourcesBuildPhase;
			buildActionMask = 2147483647;
			files = (
				6E77FD1719DB9B3200E7B6BD /* TableViewExampleTests.m in Sources */,
			);
			runOnlyForDeploymentPostprocessing = 0;
		};
/* End PBXSourcesBuildPhase section */

/* Begin PBXTargetDependency section */
		6E77FD1219DB9B3200E7B6BD /* PBXTargetDependency */ = {
			isa = PBXTargetDependency;
			target = 6E77FCF619DB9B3200E7B6BD /* TableViewExample */;
			targetProxy = 6E77FD1119DB9B3200E7B6BD /* PBXContainerItemProxy */;
		};
/* End PBXTargetDependency section */

/* Begin PBXVariantGroup section */
		6E77FD0419DB9B3200E7B6BD /* Main.storyboard */ = {
			isa = PBXVariantGroup;
			children = (
				6E77FD0519DB9B3200E7B6BD /* Base */,
			);
			name = Main.storyboard;
			sourceTree = "<group>";
		};
		6E77FD0919DB9B3200E7B6BD /* LaunchScreen.xib */ = {
			isa = PBXVariantGroup;
			children = (
				6E77FD0A19DB9B3200E7B6BD /* Base */,
			);
			name = LaunchScreen.xib;
			sourceTree = "<group>";
		};
/* End PBXVariantGroup section */

/* Begin XCBuildConfiguration section */
		6E77FD1819DB9B3200E7B6BD /* Debug */ = {
			isa = XCBuildConfiguration;
			buildSettings = {
				ALWAYS_SEARCH_USER_PATHS = NO;
				CLANG_CXX_LANGUAGE_STANDARD = "gnu++0x";
				CLANG_CXX_LIBRARY = "libc++";
				CLANG_ENABLE_MODULES = YES;
				CLANG_ENABLE_OBJC_ARC = YES;
				CLANG_WARN_BOOL_CONVERSION = YES;
				CLANG_WARN_CONSTANT_CONVERSION = YES;
				CLANG_WARN_DIRECT_OBJC_ISA_USAGE = YES_ERROR;
				CLANG_WARN_EMPTY_BODY = YES;
				CLANG_WARN_ENUM_CONVERSION = YES;
				CLANG_WARN_INT_CONVERSION = YES;
				CLANG_WARN_OBJC_ROOT_CLASS = YES_ERROR;
				CLANG_WARN_UNREACHABLE_CODE = YES;
				CLANG_WARN__DUPLICATE_METHOD_MATCH = YES;
				"CODE_SIGN_IDENTITY[sdk=iphoneos*]" = "iPhone Developer";
				COPY_PHASE_STRIP = NO;
				ENABLE_STRICT_OBJC_MSGSEND = YES;
				GCC_C_LANGUAGE_STANDARD = gnu99;
				GCC_DYNAMIC_NO_PIC = NO;
				GCC_OPTIMIZATION_LEVEL = 0;
				GCC_PREPROCESSOR_DEFINITIONS = (
					"DEBUG=1",
					"$(inherited)",
				);
				GCC_SYMBOLS_PRIVATE_EXTERN = NO;
				GCC_WARN_64_TO_32_BIT_CONVERSION = YES;
				GCC_WARN_ABOUT_RETURN_TYPE = YES_ERROR;
				GCC_WARN_UNDECLARED_SELECTOR = YES;
				GCC_WARN_UNINITIALIZED_AUTOS = YES_AGGRESSIVE;
				GCC_WARN_UNUSED_FUNCTION = YES;
				GCC_WARN_UNUSED_VARIABLE = YES;
				IPHONEOS_DEPLOYMENT_TARGET = 8.0;
				MTL_ENABLE_DEBUG_INFO = YES;
				ONLY_ACTIVE_ARCH = YES;
				SDKROOT = iphoneos;
			};
			name = Debug;
		};
		6E77FD1919DB9B3200E7B6BD /* Release */ = {
			isa = XCBuildConfiguration;
			buildSettings = {
				ALWAYS_SEARCH_USER_PATHS = NO;
				CLANG_CXX_LANGUAGE_STANDARD = "gnu++0x";
				CLANG_CXX_LIBRARY = "libc++";
				CLANG_ENABLE_MODULES = YES;
				CLANG_ENABLE_OBJC_ARC = YES;
				CLANG_WARN_BOOL_CONVERSION = YES;
				CLANG_WARN_CONSTANT_CONVERSION = YES;
				CLANG_WARN_DIRECT_OBJC_ISA_USAGE = YES_ERROR;
				CLANG_WARN_EMPTY_BODY = YES;
				CLANG_WARN_ENUM_CONVERSION = YES;
				CLANG_WARN_INT_CONVERSION = YES;
				CLANG_WARN_OBJC_ROOT_CLASS = YES_ERROR;
				CLANG_WARN_UNREACHABLE_CODE = YES;
				CLANG_WARN__DUPLICATE_METHOD_MATCH = YES;
				"CODE_SIGN_IDENTITY[sdk=iphoneos*]" = "iPhone Developer";
				COPY_PHASE_STRIP = YES;
				ENABLE_NS_ASSERTIONS = NO;
				ENABLE_STRICT_OBJC_MSGSEND = YES;
				GCC_C_LANGUAGE_STANDARD = gnu99;
				GCC_WARN_64_TO_32_BIT_CONVERSION = YES;
				GCC_WARN_ABOUT_RETURN_TYPE = YES_ERROR;
				GCC_WARN_UNDECLARED_SELECTOR = YES;
				GCC_WARN_UNINITIALIZED_AUTOS = YES_AGGRESSIVE;
				GCC_WARN_UNUSED_FUNCTION = YES;
				GCC_WARN_UNUSED_VARIABLE = YES;
				IPHONEOS_DEPLOYMENT_TARGET = 8.0;
				MTL_ENABLE_DEBUG_INFO = NO;
				SDKROOT = iphoneos;
				VALIDATE_PRODUCT = YES;
			};
			name = Release;
		};
		6E77FD1B19DB9B3200E7B6BD /* Debug */ = {
			isa = XCBuildConfiguration;
			buildSettings = {
				ASSETCATALOG_COMPILER_APPICON_NAME = AppIcon;
				INFOPLIST_FILE = TableViewExample/Info.plist;
				LD_RUNPATH_SEARCH_PATHS = "$(inherited) @executable_path/Frameworks";
				PRODUCT_NAME = "$(TARGET_NAME)";
			};
			name = Debug;
		};
		6E77FD1C19DB9B3200E7B6BD /* Release */ = {
			isa = XCBuildConfiguration;
			buildSettings = {
				ASSETCATALOG_COMPILER_APPICON_NAME = AppIcon;
				INFOPLIST_FILE = TableViewExample/Info.plist;
				LD_RUNPATH_SEARCH_PATHS = "$(inherited) @executable_path/Frameworks";
				PRODUCT_NAME = "$(TARGET_NAME)";
			};
			name = Release;
		};
		6E77FD1E19DB9B3200E7B6BD /* Debug */ = {
			isa = XCBuildConfiguration;
			buildSettings = {
				BUNDLE_LOADER = "$(TEST_HOST)";
				FRAMEWORK_SEARCH_PATHS = (
					"$(SDKROOT)/Developer/Library/Frameworks",
					"$(inherited)",
				);
				GCC_PREPROCESSOR_DEFINITIONS = (
					"DEBUG=1",
					"$(inherited)",
				);
				INFOPLIST_FILE = TableViewExampleTests/Info.plist;
				LD_RUNPATH_SEARCH_PATHS = "$(inherited) @executable_path/Frameworks @loader_path/Frameworks";
				PRODUCT_NAME = "$(TARGET_NAME)";
				TEST_HOST = "$(BUILT_PRODUCTS_DIR)/TableViewExample.app/TableViewExample";
			};
			name = Debug;
		};
		6E77FD1F19DB9B3200E7B6BD /* Release */ = {
			isa = XCBuildConfiguration;
			buildSettings = {
				BUNDLE_LOADER = "$(TEST_HOST)";
				FRAMEWORK_SEARCH_PATHS = (
					"$(SDKROOT)/Developer/Library/Frameworks",
					"$(inherited)",
				);
				INFOPLIST_FILE = TableViewExampleTests/Info.plist;
				LD_RUNPATH_SEARCH_PATHS = "$(inherited) @executable_path/Frameworks @loader_path/Frameworks";
				PRODUCT_NAME = "$(TARGET_NAME)";
				TEST_HOST = "$(BUILT_PRODUCTS_DIR)/TableViewExample.app/TableViewExample";
			};
			name = Release;
		};
/* End XCBuildConfiguration section */

/* Begin XCConfigurationList section */
		6E77FCF219DB9B3200E7B6BD /* Build configuration list for PBXProject "TableViewExample" */ = {
			isa = XCConfigurationList;
			buildConfigurations = (
				6E77FD1819DB9B3200E7B6BD /* Debug */,
				6E77FD1919DB9B3200E7B6BD /* Release */,
			);
			defaultConfigurationIsVisible = 0;
			defaultConfigurationName = Release;
		};
		6E77FD1A19DB9B3200E7B6BD /* Build configuration list for PBXNativeTarget "TableViewExample" */ = {
			isa = XCConfigurationList;
			buildConfigurations = (
				6E77FD1B19DB9B3200E7B6BD /* Debug */,
				6E77FD1C19DB9B3200E7B6BD /* Release */,
			);
			defaultConfigurationIsVisible = 0;
			defaultConfigurationName = Release;
		};
		6E77FD1D19DB9B3200E7B6BD /* Build configuration list for PBXNativeTarget "TableViewExampleTests" */ = {
			isa = XCConfigurationList;
			buildConfigurations = (
				6E77FD1E19DB9B3200E7B6BD /* Debug */,
				6E77FD1F19DB9B3200E7B6BD /* Release */,
			);
			defaultConfigurationIsVisible = 0;
			defaultConfigurationName = Release;
		};
/* End XCConfigurationList section */
	};
	rootObject = 6E77FCEF19DB9B3200E7B6BD /* Project object */;
}
